
Microsoft Visual Studio Solution File, Format Version 12.00
Project("{2150E333-8FDC-42A3-9474-1A3956D46DE8}") = "src", "src", "{651E0683-A136-4516-81B4-525C55AD37DD}"
EndProject
Project("{FAE04EC0-301F-11D3-BF4B-00C04F79EFBC}") = "MakingMcp.Web", "src\MakingMcp.Web\MakingMcp.Web.csproj", "{C94F892C-0DC4-40A2-9F95-D7375A1F120D}"
EndProject
Project("{FAE04EC0-301F-11D3-BF4B-00C04F79EFBC}") = "MakingMcp.Shared", "src\MakingMcp.Shared\MakingMcp.Shared.csproj", "{8D91861C-3D00-4FC5-9C26-72C07E8E3B28}"
EndProject
Project("{2150E333-8FDC-42A3-9474-1A3956D46DE8}") = "Solution Items", "Solution Items", "{E51611FE-EA20-45B0-9B3C-EE0FAB4ABBC1}"
	ProjectSection(SolutionItems) = preProject
		Directory.Build.props = Directory.Build.props
		.github\workflows\release.yml = .github\workflows\release.yml
	EndProjectSection
EndProject
Global
	GlobalSection(SolutionConfigurationPlatforms) = preSolution
		Debug|Any CPU = Debug|Any CPU
		Release|Any CPU = Release|Any CPU
	EndGlobalSection
	GlobalSection(NestedProjects) = preSolution
		{C94F892C-0DC4-40A2-9F95-D7375A1F120D} = {651E0683-A136-4516-81B4-525C55AD37DD}
		{8D91861C-3D00-4FC5-9C26-72C07E8E3B28} = {651E0683-A136-4516-81B4-525C55AD37DD}
	EndGlobalSection
	GlobalSection(ProjectConfigurationPlatforms) = postSolution
		{C94F892C-0DC4-40A2-9F95-D7375A1F120D}.Debug|Any CPU.ActiveCfg = Debug|Any CPU
		{C94F892C-0DC4-40A2-9F95-D7375A1F120D}.Debug|Any CPU.Build.0 = Debug|Any CPU
		{C94F892C-0DC4-40A2-9F95-D7375A1F120D}.Release|Any CPU.ActiveCfg = Release|Any CPU
		{C94F892C-0DC4-40A2-9F95-D7375A1F120D}.Release|Any CPU.Build.0 = Release|Any CPU
		{8D91861C-3D00-4FC5-9C26-72C07E8E3B28}.Debug|Any CPU.ActiveCfg = Debug|Any CPU
		{8D91861C-3D00-4FC5-9C26-72C07E8E3B28}.Debug|Any CPU.Build.0 = Debug|Any CPU
		{8D91861C-3D00-4FC5-9C26-72C07E8E3B28}.Release|Any CPU.ActiveCfg = Release|Any CPU
		{8D91861C-3D00-4FC5-9C26-72C07E8E3B28}.Release|Any CPU.Build.0 = Release|Any CPU
	EndGlobalSection
EndGlobal
